
Microsoft Visual Studio Solution File, Format Version 12.00
# Visual Studio 15
VisualStudioVersion = 15.0.28010.2003
MinimumVisualStudioVersion = 10.0.40219.1
Project("{FAE04EC0-301F-11D3-BF4B-00C04F79EFBC}") = "MemoryGame", "MemoryGame\MemoryGame.csproj", "{40DEEACA-3BDA-4F25-82D3-3CBC1141BE35}"
EndProject
Global
	GlobalSection(SolutionConfigurationPlatforms) = preSolution
		Debug|Any CPU = Debug|Any CPU
		Release|Any CPU = Release|Any CPU
	EndGlobalSection
	GlobalSection(ProjectConfigurationPlatforms) = postSolution
		{40DEEACA-3BDA-4F25-82D3-3CBC1141BE35}.Debug|Any CPU.ActiveCfg = Debug|Any CPU
		{40DEEACA-3BDA-4F25-82D3-3CBC1141BE35}.Debug|Any CPU.Build.0 = Debug|Any CPU
		{40DEEACA-3BDA-4F25-82D3-3CBC1141BE35}.Release|Any CPU.ActiveCfg = Release|Any CPU
		{40DEEACA-3BDA-4F25-82D3-3CBC1141BE35}.Release|Any CPU.Build.0 = Release|Any CPU
	EndGlobalSection
	GlobalSection(SolutionProperties) = preSolution
		HideSolutionNode = FALSE
	EndGlobalSection
	GlobalSection(ExtensibilityGlobals) = postSolution
		SolutionGuid = {59F5182E-F4F0-44CD-B67B-94915240091E}
	EndGlobalSection
EndGlobal
